// !$*UTF8*$!
{
	archiveVersion = 1;
	classes = {
	};
	objectVersion = 56;
	objects = {

/* Begin PBXBuildFile section */
		A2337EA52AD351E200334BCC /* Acheron2023App.swift in Sources */ = {isa = PBXBuildFile; fileRef = A2337EA42AD351E200334BCC /* Acheron2023App.swift */; };
		A2337EA72AD351E200334BCC /* ContentView.swift in Sources */ = {isa = PBXBuildFile; fileRef = A2337EA62AD351E200334BCC /* ContentView.swift */; };
		A2337EA92AD351E200334BCC /* Item.swift in Sources */ = {isa = PBXBuildFile; fileRef = A2337EA82AD351E200334BCC /* Item.swift */; };
		A2337EAB2AD351E500334BCC /* Assets.xcassets in Resources */ = {isa = PBXBuildFile; fileRef = A2337EAA2AD351E500334BCC /* Assets.xcassets */; };
		A2337EAE2AD351E500334BCC /* Preview Assets.xcassets in Resources */ = {isa = PBXBuildFile; fileRef = A2337EAD2AD351E500334BCC /* Preview Assets.xcassets */; };
		A2337EB72AD355D500334BCC /* IconView.swift in Sources */ = {isa = PBXBuildFile; fileRef = A2337EB62AD355D500334BCC /* IconView.swift */; };
		A2337EBB2AD38A4E00334BCC /* VideoView.swift in Sources */ = {isa = PBXBuildFile; fileRef = A2337EBA2AD38A4E00334BCC /* VideoView.swift */; };
		A2337EBD2AD3AA0900334BCC /* IMG_5206.mp4 in Resources */ = {isa = PBXBuildFile; fileRef = A2337EBC2AD3AA0900334BCC /* IMG_5206.mp4 */; };
		A2337EBF2AD3AA2B00334BCC /* IMG_5206.MOV in Resources */ = {isa = PBXBuildFile; fileRef = A2337EBE2AD3AA2B00334BCC /* IMG_5206.MOV */; };
		A2337EC12AD477C000334BCC /* SignInView.swift in Sources */ = {isa = PBXBuildFile; fileRef = A2337EC02AD477C000334BCC /* SignInView.swift */; };
/* End PBXBuildFile section */

/* Begin PBXFileReference section */
		A2337EA12AD351E200334BCC /* Acheron2023.app */ = {isa = PBXFileReference; explicitFileType = wrapper.application; includeInIndex = 0; path = Acheron2023.app; sourceTree = BUILT_PRODUCTS_DIR; };
		A2337EA42AD351E200334BCC /* Acheron2023App.swift */ = {isa = PBXFileReference; lastKnownFileType = sourcecode.swift; path = Acheron2023App.swift; sourceTree = "<group>"; };
		A2337EA62AD351E200334BCC /* ContentView.swift */ = {isa = PBXFileReference; lastKnownFileType = sourcecode.swift; path = ContentView.swift; sourceTree = "<group>"; };
		A2337EA82AD351E200334BCC /* Item.swift */ = {isa = PBXFileReference; lastKnownFileType = sourcecode.swift; path = Item.swift; sourceTree = "<group>"; };
		A2337EAA2AD351E500334BCC /* Assets.xcassets */ = {isa = PBXFileReference; lastKnownFileType = folder.assetcatalog; path = Assets.xcassets; sourceTree = "<group>"; };
		A2337EAD2AD351E500334BCC /* Preview Assets.xcassets */ = {isa = PBXFileReference; lastKnownFileType = folder.assetcatalog; path = "Preview Assets.xcassets"; sourceTree = "<group>"; };
		A2337EB62AD355D500334BCC /* IconView.swift */ = {isa = PBXFileReference; lastKnownFileType = sourcecode.swift; path = IconView.swift; sourceTree = "<group>"; };
		A2337EBA2AD38A4E00334BCC /* VideoView.swift */ = {isa = PBXFileReference; lastKnownFileType = sourcecode.swift; path = VideoView.swift; sourceTree = "<group>"; };
		A2337EBC2AD3AA0900334BCC /* IMG_5206.mp4 */ = {isa = PBXFileReference; lastKnownFileType = file; name = IMG_5206.mp4; path = ../../../Downloads/IMG_5206.mp4; sourceTree = "<group>"; };
		A2337EBE2AD3AA2B00334BCC /* IMG_5206.MOV */ = {isa = PBXFileReference; lastKnownFileType = video.quicktime; name = IMG_5206.MOV; path = ../../Downloads/IMG_5206.MOV; sourceTree = "<group>"; };
		A2337EC02AD477C000334BCC /* SignInView.swift */ = {isa = PBXFileReference; lastKnownFileType = sourcecode.swift; path = SignInView.swift; sourceTree = SOURCE_ROOT; };
/* End PBXFileReference section */

/* Begin PBXFrameworksBuildPhase section */
		A2337E9E2AD351E200334BCC /* Frameworks */ = {
			isa = PBXFrameworksBuildPhase;
			buildActionMask = 2147483647;
			files = (
			);
			runOnlyForDeploymentPostprocessing = 0;
		};
/* End PBXFrameworksBuildPhase section */

/* Begin PBXGroup section */
		A2337E982AD351E200334BCC = {
			isa = PBXGroup;
			children = (
				A2337EBE2AD3AA2B00334BCC /* IMG_5206.MOV */,
				A2337EA32AD351E200334BCC /* Acheron2023 */,
				A2337EA22AD351E200334BCC /* Products */,
			);
			sourceTree = "<group>";
		};
		A2337EA22AD351E200334BCC /* Products */ = {
			isa = PBXGroup;
			children = (
				A2337EA12AD351E200334BCC /* Acheron2023.app */,
			);
			name = Products;
			sourceTree = "<group>";
		};
		A2337EA32AD351E200334BCC /* Acheron2023 */ = {
			isa = PBXGroup;
			children = (
				A2337EC02AD477C000334BCC /* SignInView.swift */,
				A2337EA42AD351E200334BCC /* Acheron2023App.swift */,
				A2337EB62AD355D500334BCC /* IconView.swift */,
				A2337EA62AD351E200334BCC /* ContentView.swift */,
				A2337EA82AD351E200334BCC /* Item.swift */,
				A2337EAA2AD351E500334BCC /* Assets.xcassets */,
				A2337EAC2AD351E500334BCC /* Preview Content */,
				A2337EBA2AD38A4E00334BCC /* VideoView.swift */,
				A2337EBC2AD3AA0900334BCC /* IMG_5206.mp4 */,
			);
			path = Acheron2023;
			sourceTree = "<group>";
		};
		A2337EAC2AD351E500334BCC /* Preview Content */ = {
			isa = PBXGroup;
			children = (
				A2337EAD2AD351E500334BCC /* Preview Assets.xcassets */,
			);
			path = "Preview Content";
			sourceTree = "<group>";
		};
/* End PBXGroup section */

/* Begin PBXNativeTarget section */
		A2337EA02AD351E200334BCC /* Acheron2023 */ = {
			isa = PBXNativeTarget;
			buildConfigurationList = A2337EB12AD351E500334BCC /* Build configuration list for PBXNativeTarget "Acheron2023" */;
			buildPhases = (
				A2337E9D2AD351E200334BCC /* Sources */,
				A2337E9E2AD351E200334BCC /* Frameworks */,
				A2337E9F2AD351E200334BCC /* Resources */,
			);
			buildRules = (
			);
			dependencies = (
			);
			name = Acheron2023;
			productName = Acheron2023;
			productReference = A2337EA12AD351E200334BCC /* Acheron2023.app */;
			productType = "com.apple.product-type.application";
		};
/* End PBXNativeTarget section */

/* Begin PBXProject section */
		A2337E992AD351E200334BCC /* Project object */ = {
			isa = PBXProject;
			attributes = {
				BuildIndependentTargetsInParallel = 1;
				LastSwiftUpdateCheck = 1500;
				LastUpgradeCheck = 1500;
				TargetAttributes = {
					A2337EA02AD351E200334BCC = {
						CreatedOnToolsVersion = 15.0;
					};
				};
			};
			buildConfigurationList = A2337E9C2AD351E200334BCC /* Build configuration list for PBXProject "Acheron2023" */;
			compatibilityVersion = "Xcode 14.0";
			developmentRegion = en;
			hasScannedForEncodings = 0;
			knownRegions = (
				en,
				Base,
			);
			mainGroup = A2337E982AD351E200334BCC;
			productRefGroup = A2337EA22AD351E200334BCC /* Products */;
			projectDirPath = "";
			projectRoot = "";
			targets = (
				A2337EA02AD351E200334BCC /* Acheron2023 */,
			);
		};
/* End PBXProject section */

/* Begin PBXResourcesBuildPhase section */
		A2337E9F2AD351E200334BCC /* Resources */ = {
			isa = PBXResourcesBuildPhase;
			buildActionMask = 2147483647;
			files = (
				A2337EBD2AD3AA0900334BCC /* IMG_5206.mp4 in Resources */,
				A2337EBF2AD3AA2B00334BCC /* IMG_5206.MOV in Resources */,
				A2337EAE2AD351E500334BCC /* Preview Assets.xcassets in Resources */,
				A2337EAB2AD351E500334BCC /* Assets.xcassets in Resources */,
			);
			runOnlyForDeploymentPostprocessing = 0;
		};
/* End PBXResourcesBuildPhase section */

/* Begin PBXSourcesBuildPhase section */
		A2337E9D2AD351E200334BCC /* Sources */ = {
			isa = PBXSourcesBuildPhase;
			buildActionMask = 2147483647;
			files = (
				A2337EC12AD477C000334BCC /* SignInView.swift in Sources */,
				A2337EA72AD351E200334BCC /* ContentView.swift in Sources */,
				A2337EBB2AD38A4E00334BCC /* VideoView.swift in Sources */,
				A2337EB72AD355D500334BCC /* IconView.swift in Sources */,
				A2337EA92AD351E200334BCC /* Item.swift in Sources */,
				A2337EA52AD351E200334BCC /* Acheron2023App.swift in Sources */,
			);
			runOnlyForDeploymentPostprocessing = 0;
		};
/* End PBXSourcesBuildPhase section */

/* Begin XCBuildConfiguration section */
		A2337EAF2AD351E500334BCC /* Debug */ = {
			isa = XCBuildConfiguration;
			buildSettings = {
				ALWAYS_SEARCH_USER_PATHS = NO;
				ASSETCATALOG_COMPILER_GENERATE_SWIFT_ASSET_SYMBOL_EXTENSIONS = YES;
				CLANG_ANALYZER_NONNULL = YES;
				CLANG_ANALYZER_NUMBER_OBJECT_CONVERSION = YES_AGGRESSIVE;
				CLANG_CXX_LANGUAGE_STANDARD = "gnu++20";
				CLANG_ENABLE_MODULES = YES;
				CLANG_ENABLE_OBJC_ARC = YES;
				CLANG_ENABLE_OBJC_WEAK = YES;
				CLANG_WARN_BLOCK_CAPTURE_AUTORELEASING = YES;
				CLANG_WARN_BOOL_CONVERSION = YES;
				CLANG_WARN_COMMA = YES;
				CLANG_WARN_CONSTANT_CONVERSION = YES;
				CLANG_WARN_DEPRECATED_OBJC_IMPLEMENTATIONS = YES;
				CLANG_WARN_DIRECT_OBJC_ISA_USAGE = YES_ERROR;
				CLANG_WARN_DOCUMENTATION_COMMENTS = YES;
				CLANG_WARN_EMPTY_BODY = YES;
				CLANG_WARN_ENUM_CONVERSION = YES;
				CLANG_WARN_INFINITE_RECURSION = YES;
				CLANG_WARN_INT_CONVERSION = YES;
				CLANG_WARN_NON_LITERAL_NULL_CONVERSION = YES;
				CLANG_WARN_OBJC_IMPLICIT_RETAIN_SELF = YES;
				CLANG_WARN_OBJC_LITERAL_CONVERSION = YES;
				CLANG_WARN_OBJC_ROOT_CLASS = YES_ERROR;
				CLANG_WARN_QUOTED_INCLUDE_IN_FRAMEWORK_HEADER = YES;
				CLANG_WARN_RANGE_LOOP_ANALYSIS = YES;
				CLANG_WARN_STRICT_PROTOTYPES = YES;
				CLANG_WARN_SUSPICIOUS_MOVE = YES;
				CLANG_WARN_UNGUARDED_AVAILABILITY = YES_AGGRESSIVE;
				CLANG_WARN_UNREACHABLE_CODE = YES;
				CLANG_WARN__DUPLICATE_METHOD_MATCH = YES;
				COPY_PHASE_STRIP = NO;
				DEBUG_INFORMATION_FORMAT = dwarf;
				ENABLE_STRICT_OBJC_MSGSEND = YES;
				ENABLE_TESTABILITY = YES;
				ENABLE_USER_SCRIPT_SANDBOXING = YES;
				GCC_C_LANGUAGE_STANDARD = gnu17;
				GCC_DYNAMIC_NO_PIC = NO;
				GCC_NO_COMMON_BLOCKS = YES;
				GCC_OPTIMIZATION_LEVEL = 0;
				GCC_PREPROCESSOR_DEFINITIONS = (
					"DEBUG=1",
					"$(inherited)",
				);
				GCC_WARN_64_TO_32_BIT_CONVERSION = YES;
				GCC_WARN_ABOUT_RETURN_TYPE = YES_ERROR;
				GCC_WARN_UNDECLARED_SELECTOR = YES;
				GCC_WARN_UNINITIALIZED_AUTOS = YES_AGGRESSIVE;
				GCC_WARN_UNUSED_FUNCTION = YES;
				GCC_WARN_UNUSED_VARIABLE = YES;
				IPHONEOS_DEPLOYMENT_TARGET = 17.0;
				LOCALIZATION_PREFERS_STRING_CATALOGS = YES;
				MTL_ENABLE_DEBUG_INFO = INCLUDE_SOURCE;
				MTL_FAST_MATH = YES;
				ONLY_ACTIVE_ARCH = YES;
				SDKROOT = iphoneos;
				SWIFT_ACTIVE_COMPILATION_CONDITIONS = "DEBUG $(inherited)";
				SWIFT_OPTIMIZATION_LEVEL = "-Onone";
			};
			name = Debug;
		};
		A2337EB02AD351E500334BCC /* Release */ = {
			isa = XCBuildConfiguration;
			buildSettings = {
				ALWAYS_SEARCH_USER_PATHS = NO;
				ASSETCATALOG_COMPILER_GENERATE_SWIFT_ASSET_SYMBOL_EXTENSIONS = YES;
				CLANG_ANALYZER_NONNULL = YES;
				CLANG_ANALYZER_NUMBER_OBJECT_CONVERSION = YES_AGGRESSIVE;
				CLANG_CXX_LANGUAGE_STANDARD = "gnu++20";
				CLANG_ENABLE_MODULES = YES;
				CLANG_ENABLE_OBJC_ARC = YES;
				CLANG_ENABLE_OBJC_WEAK = YES;
				CLANG_WARN_BLOCK_CAPTURE_AUTORELEASING = YES;
				CLANG_WARN_BOOL_CONVERSION = YES;
				CLANG_WARN_COMMA = YES;
				CLANG_WARN_CONSTANT_CONVERSION = YES;
				CLANG_WARN_DEPRECATED_OBJC_IMPLEMENTATIONS = YES;
				CLANG_WARN_DIRECT_OBJC_ISA_USAGE = YES_ERROR;
				CLANG_WARN_DOCUMENTATION_COMMENTS = YES;
				CLANG_WARN_EMPTY_BODY = YES;
				CLANG_WARN_ENUM_CONVERSION = YES;
				CLANG_WARN_INFINITE_RECURSION = YES;
				CLANG_WARN_INT_CONVERSION = YES;
				CLANG_WARN_NON_LITERAL_NULL_CONVERSION = YES;
				CLANG_WARN_OBJC_IMPLICIT_RETAIN_SELF = YES;
				CLANG_WARN_OBJC_LITERAL_CONVERSION = YES;
				CLANG_WARN_OBJC_ROOT_CLASS = YES_ERROR;
				CLANG_WARN_QUOTED_INCLUDE_IN_FRAMEWORK_HEADER = YES;
				CLANG_WARN_RANGE_LOOP_ANALYSIS = YES;
				CLANG_WARN_STRICT_PROTOTYPES = YES;
				CLANG_WARN_SUSPICIOUS_MOVE = YES;
				CLANG_WARN_UNGUARDED_AVAILABILITY = YES_AGGRESSIVE;
				CLANG_WARN_UNREACHABLE_CODE = YES;
				CLANG_WARN__DUPLICATE_METHOD_MATCH = YES;
				COPY_PHASE_STRIP = NO;
				DEBUG_INFORMATION_FORMAT = "dwarf-with-dsym";
				ENABLE_NS_ASSERTIONS = NO;
				ENABLE_STRICT_OBJC_MSGSEND = YES;
				ENABLE_USER_SCRIPT_SANDBOXING = YES;
				GCC_C_LANGUAGE_STANDARD = gnu17;
				GCC_NO_COMMON_BLOCKS = YES;
				GCC_WARN_64_TO_32_BIT_CONVERSION = YES;
				GCC_WARN_ABOUT_RETURN_TYPE = YES_ERROR;
				GCC_WARN_UNDECLARED_SELECTOR = YES;
				GCC_WARN_UNINITIALIZED_AUTOS = YES_AGGRESSIVE;
				GCC_WARN_UNUSED_FUNCTION = YES;
				GCC_WARN_UNUSED_VARIABLE = YES;
				IPHONEOS_DEPLOYMENT_TARGET = 17.0;
				LOCALIZATION_PREFERS_STRING_CATALOGS = YES;
				MTL_ENABLE_DEBUG_INFO = NO;
				MTL_FAST_MATH = YES;
				SDKROOT = iphoneos;
				SWIFT_COMPILATION_MODE = wholemodule;
				VALIDATE_PRODUCT = YES;
			};
			name = Release;
		};
		A2337EB22AD351E500334BCC /* Debug */ = {
			isa = XCBuildConfiguration;
			buildSettings = {
				ASSETCATALOG_COMPILER_APPICON_NAME = AppIcon;
				ASSETCATALOG_COMPILER_GLOBAL_ACCENT_COLOR_NAME = AccentColor;
				CODE_SIGN_STYLE = Automatic;
				CURRENT_PROJECT_VERSION = 1;
				DEVELOPMENT_ASSET_PATHS = "\"Acheron2023/Preview Content\"";
				DEVELOPMENT_TEAM = M433G53ZR4;
				ENABLE_PREVIEWS = YES;
				GENERATE_INFOPLIST_FILE = YES;
				INFOPLIST_KEY_UIApplicationSceneManifest_Generation = YES;
				INFOPLIST_KEY_UIApplicationSupportsIndirectInputEvents = YES;
				INFOPLIST_KEY_UILaunchScreen_Generation = YES;
				INFOPLIST_KEY_UISupportedInterfaceOrientations_iPad = "UIInterfaceOrientationPortrait UIInterfaceOrientationPortraitUpsideDown UIInterfaceOrientationLandscapeLeft UIInterfaceOrientationLandscapeRight";
				INFOPLIST_KEY_UISupportedInterfaceOrientations_iPhone = "UIInterfaceOrientationPortrait UIInterfaceOrientationLandscapeLeft UIInterfaceOrientationLandscapeRight";
				LD_RUNPATH_SEARCH_PATHS = (
					"$(inherited)",
					"@executable_path/Frameworks",
				);
				MARKETING_VERSION = 1.0;
				PRODUCT_BUNDLE_IDENTIFIER = ok.Acheron2023;
				PRODUCT_NAME = "$(TARGET_NAME)";
				SWIFT_EMIT_LOC_STRINGS = YES;
				SWIFT_VERSION = 5.0;
				TARGETED_DEVICE_FAMILY = "1,2";
			};
			name = Debug;
		};
		A2337EB32AD351E500334BCC /* Release */ = {
			isa = XCBuildConfiguration;
			buildSettings = {
				ASSETCATALOG_COMPILER_APPICON_NAME = AppIcon;
				ASSETCATALOG_COMPILER_GLOBAL_ACCENT_COLOR_NAME = AccentColor;
				CODE_SIGN_STYLE = Automatic;
				CURRENT_PROJECT_VERSION = 1;
				DEVELOPMENT_ASSET_PATHS = "\"Acheron2023/Preview Content\"";
				DEVELOPMENT_TEAM = M433G53ZR4;
				ENABLE_PREVIEWS = YES;
				GENERATE_INFOPLIST_FILE = YES;
				INFOPLIST_KEY_UIApplicationSceneManifest_Generation = YES;
				INFOPLIST_KEY_UIApplicationSupportsIndirectInputEvents = YES;
				INFOPLIST_KEY_UILaunchScreen_Generation = YES;
				INFOPLIST_KEY_UISupportedInterfaceOrientations_iPad = "UIInterfaceOrientationPortrait UIInterfaceOrientationPortraitUpsideDown UIInterfaceOrientationLandscapeLeft UIInterfaceOrientationLandscapeRight";
				INFOPLIST_KEY_UISupportedInterfaceOrientations_iPhone = "UIInterfaceOrientationPortrait UIInterfaceOrientationLandscapeLeft UIInterfaceOrientationLandscapeRight";
				LD_RUNPATH_SEARCH_PATHS = (
					"$(inherited)",
					"@executable_path/Frameworks",
				);
				MARKETING_VERSION = 1.0;
				PRODUCT_BUNDLE_IDENTIFIER = ok.Acheron2023;
				PRODUCT_NAME = "$(TARGET_NAME)";
				SWIFT_EMIT_LOC_STRINGS = YES;
				SWIFT_VERSION = 5.0;
				TARGETED_DEVICE_FAMILY = "1,2";
			};
			name = Release;
		};
/* End XCBuildConfiguration section */

/* Begin XCConfigurationList section */
		A2337E9C2AD351E200334BCC /* Build configuration list for PBXProject "Acheron2023" */ = {
			isa = XCConfigurationList;
			buildConfigurations = (
				A2337EAF2AD351E500334BCC /* Debug */,
				A2337EB02AD351E500334BCC /* Release */,
			);
			defaultConfigurationIsVisible = 0;
			defaultConfigurationName = Release;
		};
		A2337EB12AD351E500334BCC /* Build configuration list for PBXNativeTarget "Acheron2023" */ = {
			isa = XCConfigurationList;
			buildConfigurations = (
				A2337EB22AD351E500334BCC /* Debug */,
				A2337EB32AD351E500334BCC /* Release */,
			);
			defaultConfigurationIsVisible = 0;
			defaultConfigurationName = Release;
		};
/* End XCConfigurationList section */
	};
	rootObject = A2337E992AD351E200334BCC /* Project object */;
}
